
Microsoft Visual Studio Solution File, Format Version 12.00
# Visual Studio Version 17
VisualStudioVersion = 17.4.33213.308
MinimumVisualStudioVersion = 10.0.40219.1
Project("{2150E333-8FDC-42A3-9474-1A3956D46DE8}") = "Services", "Services", "{D2497262-7F09-474B-BD18-3AD8F04585C8}"
EndProject
Project("{2150E333-8FDC-42A3-9474-1A3956D46DE8}") = "Catalog", "Catalog", "{E14E5373-7EA5-4278-8285-32C647C2A54D}"
EndProject
Project("{9A19103F-16F7-4668-BE54-9A1E7A4F7556}") = "Catalog.API", "Services\Catalog\Catalog.API\Catalog.API.csproj", "{231A1BAA-E490-4925-887C-8A4506234BEB}"
EndProject
Project("{2150E333-8FDC-42A3-9474-1A3956D46DE8}") = "Basket", "Basket", "{5E3046AC-6C2F-4240-B175-8B71A2E1055E}"
EndProject
Project("{9A19103F-16F7-4668-BE54-9A1E7A4F7556}") = "Basket.API", "Services\Basket\Basket.API\Basket.API.csproj", "{E55203B5-8B06-43AD-AA28-929AB27AB707}"
EndProject
Project("{2150E333-8FDC-42A3-9474-1A3956D46DE8}") = "Discount", "Discount", "{3F1B3208-CC2F-47D0-9E13-119042D02800}"
EndProject
Project("{FAE04EC0-301F-11D3-BF4B-00C04F79EFBC}") = "Discount.API", "Services\Discount\Discount.API\Discount.API.csproj", "{3B16D33F-D1BA-4BBE-B9F1-9FA072CEDDC6}"
EndProject
Global
	GlobalSection(SolutionConfigurationPlatforms) = preSolution
		Debug|Any CPU = Debug|Any CPU
		Release|Any CPU = Release|Any CPU
	EndGlobalSection
	GlobalSection(ProjectConfigurationPlatforms) = postSolution
		{231A1BAA-E490-4925-887C-8A4506234BEB}.Debug|Any CPU.ActiveCfg = Debug|Any CPU
		{231A1BAA-E490-4925-887C-8A4506234BEB}.Debug|Any CPU.Build.0 = Debug|Any CPU
		{231A1BAA-E490-4925-887C-8A4506234BEB}.Release|Any CPU.ActiveCfg = Release|Any CPU
		{231A1BAA-E490-4925-887C-8A4506234BEB}.Release|Any CPU.Build.0 = Release|Any CPU
		{E55203B5-8B06-43AD-AA28-929AB27AB707}.Debug|Any CPU.ActiveCfg = Debug|Any CPU
		{E55203B5-8B06-43AD-AA28-929AB27AB707}.Debug|Any CPU.Build.0 = Debug|Any CPU
		{E55203B5-8B06-43AD-AA28-929AB27AB707}.Release|Any CPU.ActiveCfg = Release|Any CPU
		{E55203B5-8B06-43AD-AA28-929AB27AB707}.Release|Any CPU.Build.0 = Release|Any CPU
		{3B16D33F-D1BA-4BBE-B9F1-9FA072CEDDC6}.Debug|Any CPU.ActiveCfg = Debug|Any CPU
		{3B16D33F-D1BA-4BBE-B9F1-9FA072CEDDC6}.Debug|Any CPU.Build.0 = Debug|Any CPU
		{3B16D33F-D1BA-4BBE-B9F1-9FA072CEDDC6}.Release|Any CPU.ActiveCfg = Release|Any CPU
		{3B16D33F-D1BA-4BBE-B9F1-9FA072CEDDC6}.Release|Any CPU.Build.0 = Release|Any CPU
	EndGlobalSection
	GlobalSection(SolutionProperties) = preSolution
		HideSolutionNode = FALSE
	EndGlobalSection
	GlobalSection(NestedProjects) = preSolution
		{E14E5373-7EA5-4278-8285-32C647C2A54D} = {D2497262-7F09-474B-BD18-3AD8F04585C8}
		{231A1BAA-E490-4925-887C-8A4506234BEB} = {E14E5373-7EA5-4278-8285-32C647C2A54D}
		{5E3046AC-6C2F-4240-B175-8B71A2E1055E} = {D2497262-7F09-474B-BD18-3AD8F04585C8}
		{E55203B5-8B06-43AD-AA28-929AB27AB707} = {5E3046AC-6C2F-4240-B175-8B71A2E1055E}
		{3F1B3208-CC2F-47D0-9E13-119042D02800} = {D2497262-7F09-474B-BD18-3AD8F04585C8}
		{3B16D33F-D1BA-4BBE-B9F1-9FA072CEDDC6} = {3F1B3208-CC2F-47D0-9E13-119042D02800}
	EndGlobalSection
	GlobalSection(ExtensibilityGlobals) = postSolution
		SolutionGuid = {5FE799AD-068A-4A56-B7A7-6CCB1B35FDF9}
	EndGlobalSection
EndGlobal
